// !$*UTF8*$!
{
	archiveVersion = 1;
	classes = {
	};
	objectVersion = 42;
	objects = {

/* Begin PBXBuildFile section */
		5673FEDB07B19E9D00AF4085 /* OpenGL.framework in Frameworks */ = {isa = PBXBuildFile; fileRef = 5673FEC007B19E0000AF4085 /* OpenGL.framework */; };
		682E26E91279F1E800B1B498 /* adler32.c in Sources */ = {isa = PBXBuildFile; fileRef = 682E26011279F1E800B1B498 /* adler32.c */; };
		682E26F21279F1E800B1B498 /* compress.c in Sources */ = {isa = PBXBuildFile; fileRef = 682E260C1279F1E800B1B498 /* compress.c */; };
		682E275D1279F1E800B1B498 /* crc32.c in Sources */ = {isa = PBXBuildFile; fileRef = 682E269E1279F1E800B1B498 /* crc32.c */; };
		682E275E1279F1E800B1B498 /* deflate.c in Sources */ = {isa = PBXBuildFile; fileRef = 682E26A01279F1E800B1B498 /* deflate.c */; };
		682E276A1279F1E800B1B498 /* gzio.c in Sources */ = {isa = PBXBuildFile; fileRef = 682E26AF1279F1E800B1B498 /* gzio.c */; };
		682E276C1279F1E800B1B498 /* infback.c in Sources */ = {isa = PBXBuildFile; fileRef = 682E26B11279F1E800B1B498 /* infback.c */; };
		682E276D1279F1E800B1B498 /* inffast.c in Sources */ = {isa = PBXBuildFile; fileRef = 682E26B21279F1E800B1B498 /* inffast.c */; };
		682E276E1279F1E800B1B498 /* inflate.c in Sources */ = {isa = PBXBuildFile; fileRef = 682E26B51279F1E800B1B498 /* inflate.c */; };
		682E276F1279F1E800B1B498 /* inftrees.c in Sources */ = {isa = PBXBuildFile; fileRef = 682E26B71279F1E800B1B498 /* inftrees.c */; };
		682E27881279F1E800B1B498 /* trees.c in Sources */ = {isa = PBXBuildFile; fileRef = 682E26D71279F1E800B1B498 /* trees.c */; };
		682E27891279F1E800B1B498 /* uncompr.c in Sources */ = {isa = PBXBuildFile; fileRef = 682E26D91279F1E800B1B498 /* uncompr.c */; };
		682E27931279F1E800B1B498 /* zutil.c in Sources */ = {isa = PBXBuildFile; fileRef = 682E26E71279F1E800B1B498 /* zutil.c */; };
		682E28A01279F31C00B1B498 /* png.c in Sources */ = {isa = PBXBuildFile; fileRef = 682E27F41279F31C00B1B498 /* png.c */; };
		682E28A11279F31C00B1B498 /* pngbar.jpg in Resources */ = {isa = PBXBuildFile; fileRef = 682E27F61279F31C00B1B498 /* pngbar.jpg */; };
		682E28A21279F31C00B1B498 /* pngbar.png in Resources */ = {isa = PBXBuildFile; fileRef = 682E27F71279F31C00B1B498 /* pngbar.png */; };
		682E28A31279F31C00B1B498 /* pngerror.c in Sources */ = {isa = PBXBuildFile; fileRef = 682E27F91279F31C00B1B498 /* pngerror.c */; };
		682E28A41279F31C00B1B498 /* pnggccrd.c in Sources */ = {isa = PBXBuildFile; fileRef = 682E27FA1279F31C00B1B498 /* pnggccrd.c */; };
		682E28A51279F31C00B1B498 /* pngget.c in Sources */ = {isa = PBXBuildFile; fileRef = 682E27FB1279F31C00B1B498 /* pngget.c */; };
		682E28A61279F31C00B1B498 /* pngmem.c in Sources */ = {isa = PBXBuildFile; fileRef = 682E27FC1279F31C00B1B498 /* pngmem.c */; };
		682E28A71279F31C00B1B498 /* pngnow.png in Resources */ = {isa = PBXBuildFile; fileRef = 682E27FD1279F31C00B1B498 /* pngnow.png */; };
		682E28A81279F31C00B1B498 /* pngpread.c in Sources */ = {isa = PBXBuildFile; fileRef = 682E27FE1279F31C00B1B498 /* pngpread.c */; };
		682E28A91279F31C00B1B498 /* pngread.c in Sources */ = {isa = PBXBuildFile; fileRef = 682E27FF1279F31C00B1B498 /* pngread.c */; };
		682E28AA1279F31C00B1B498 /* pngrio.c in Sources */ = {isa = PBXBuildFile; fileRef = 682E28001279F31C00B1B498 /* pngrio.c */; };
		682E28AB1279F31C00B1B498 /* pngrtran.c in Sources */ = {isa = PBXBuildFile; fileRef = 682E28011279F31C00B1B498 /* pngrtran.c */; };
		682E28AC1279F31C00B1B498 /* pngrutil.c in Sources */ = {isa = PBXBuildFile; fileRef = 682E28021279F31C00B1B498 /* pngrutil.c */; };
		682E28AD1279F31C00B1B498 /* pngset.c in Sources */ = {isa = PBXBuildFile; fileRef = 682E28031279F31C00B1B498 /* pngset.c */; };
		682E28AF1279F31C00B1B498 /* pngtest.png in Resources */ = {isa = PBXBuildFile; fileRef = 682E28051279F31C00B1B498 /* pngtest.png */; };
		682E28B01279F31C00B1B498 /* pngtrans.c in Sources */ = {isa = PBXBuildFile; fileRef = 682E28061279F31C00B1B498 /* pngtrans.c */; };
		682E28B11279F31C00B1B498 /* pngvcrd.c in Sources */ = {isa = PBXBuildFile; fileRef = 682E28071279F31C00B1B498 /* pngvcrd.c */; };
		682E28B21279F31C00B1B498 /* pngwio.c in Sources */ = {isa = PBXBuildFile; fileRef = 682E28081279F31C00B1B498 /* pngwio.c */; };
		682E28B31279F31C00B1B498 /* pngwrite.c in Sources */ = {isa = PBXBuildFile; fileRef = 682E28091279F31C00B1B498 /* pngwrite.c */; };
		682E28B41279F31C00B1B498 /* pngwtran.c in Sources */ = {isa = PBXBuildFile; fileRef = 682E280A1279F31C00B1B498 /* pngwtran.c */; };
		682E28B51279F31C00B1B498 /* pngwutil.c in Sources */ = {isa = PBXBuildFile; fileRef = 682E280B1279F31C00B1B498 /* pngwutil.c */; };
		688DFFD9127A4F000080E234 /* PlatformSingleton.cpp in Sources */ = {isa = PBXBuildFile; fileRef = 688DFFD7127A4F000080E234 /* PlatformSingleton.cpp */; };
		68A4AB40127A2D0000663AC4 /* libfreetype.a in Frameworks */ = {isa = PBXBuildFile; fileRef = 68A4AB3F127A2D0000663AC4 /* libfreetype.a */; };
		68A4AC28127A432000663AC4 /* Platform.cpp in Sources */ = {isa = PBXBuildFile; fileRef = 68A4AC22127A432000663AC4 /* Platform.cpp */; };
		68A4AC29127A432000663AC4 /* PlatformIPhone.cpp in Sources */ = {isa = PBXBuildFile; fileRef = 68A4AC24127A432000663AC4 /* PlatformIPhone.cpp */; };
		68A4AC50127A46FC00663AC4 /* GLUT.framework in Frameworks */ = {isa = PBXBuildFile; fileRef = 68A4AC4F127A46FC00663AC4 /* GLUT.framework */; };
		68A4AC5A127A474900663AC4 /* CoreFoundation.framework in Frameworks */ = {isa = PBXBuildFile; fileRef = 68A4AC59127A474900663AC4 /* CoreFoundation.framework */; };
		F7C65D110DBC437600CD3409 /* MilkBlocks-Info.plist in Resources */ = {isa = PBXBuildFile; fileRef = F7C65D100DBC437600CD3409 /* MilkBlocks-Info.plist */; };
		F7C65D7D0DBC453E00CD3409 /* Animatable.cpp in Sources */ = {isa = PBXBuildFile; fileRef = F7C65D490DBC453E00CD3409 /* Animatable.cpp */; };
		F7C65D7E0DBC453E00CD3409 /* bg.png in Resources */ = {isa = PBXBuildFile; fileRef = F7C65D4C0DBC453E00CD3409 /* bg.png */; };
		F7C65D7F0DBC453E00CD3409 /* Bitmap.cpp in Sources */ = {isa = PBXBuildFile; fileRef = F7C65D4D0DBC453E00CD3409 /* Bitmap.cpp */; };
		F7C65D800DBC453E00CD3409 /* Block.cpp in Sources */ = {isa = PBXBuildFile; fileRef = F7C65D4F0DBC453E00CD3409 /* Block.cpp */; };
		F7C65D810DBC453E00CD3409 /* block.png in Resources */ = {isa = PBXBuildFile; fileRef = F7C65D510DBC453E00CD3409 /* block.png */; };
		F7C65D820DBC453E00CD3409 /* blockleft.png in Resources */ = {isa = PBXBuildFile; fileRef = F7C65D520DBC453E00CD3409 /* blockleft.png */; };
		F7C65D830DBC453E00CD3409 /* blocktop.png in Resources */ = {isa = PBXBuildFile; fileRef = F7C65D530DBC453E00CD3409 /* blocktop.png */; };
		F7C65D840DBC453E00CD3409 /* blocktopleft.png in Resources */ = {isa = PBXBuildFile; fileRef = F7C65D540DBC453E00CD3409 /* blocktopleft.png */; };
		F7C65D850DBC453E00CD3409 /* DINNeuzeitGroteskStd-Light.otf in Resources */ = {isa = PBXBuildFile; fileRef = F7C65D570DBC453E00CD3409 /* DINNeuzeitGroteskStd-Light.otf */; };
		F7C65D860DBC453E00CD3409 /* font.cpp in Sources */ = {isa = PBXBuildFile; fileRef = F7C65D5A0DBC453E00CD3409 /* font.cpp */; };
		F7C65D870DBC453E00CD3409 /* Grid.cpp in Sources */ = {isa = PBXBuildFile; fileRef = F7C65D5C0DBC453E00CD3409 /* Grid.cpp */; };
		F7C65D880DBC453E00CD3409 /* IPiece.cpp in Sources */ = {isa = PBXBuildFile; fileRef = F7C65D5F0DBC453E00CD3409 /* IPiece.cpp */; };
		F7C65D890DBC453E00CD3409 /* JPiece.cpp in Sources */ = {isa = PBXBuildFile; fileRef = F7C65D610DBC453E00CD3409 /* JPiece.cpp */; };
		F7C65D8A0DBC453E00CD3409 /* LPiece.cpp in Sources */ = {isa = PBXBuildFile; fileRef = F7C65D640DBC453E00CD3409 /* LPiece.cpp */; };
		F7C65D8B0DBC453E00CD3409 /* milkblocks-Info.plist in Resources */ = {isa = PBXBuildFile; fileRef = F7C65D660DBC453E00CD3409 /* milkblocks-Info.plist */; };
		F7C65D8D0DBC453E00CD3409 /* milkblocks.cpp in Sources */ = {isa = PBXBuildFile; fileRef = F7C65D680DBC453E00CD3409 /* milkblocks.cpp */; };
		F7C65D8E0DBC453E00CD3409 /* OPiece.cpp in Sources */ = {isa = PBXBuildFile; fileRef = F7C65D6A0DBC453E00CD3409 /* OPiece.cpp */; };
		F7C65D8F0DBC453E00CD3409 /* Piece.cpp in Sources */ = {isa = PBXBuildFile; fileRef = F7C65D6C0DBC453E00CD3409 /* Piece.cpp */; };
		F7C65D900DBC453E00CD3409 /* reflectionfade.png in Resources */ = {isa = PBXBuildFile; fileRef = F7C65D720DBC453E00CD3409 /* reflectionfade.png */; };
		F7C65D910DBC453E00CD3409 /* shadow.png in Resources */ = {isa = PBXBuildFile; fileRef = F7C65D730DBC453E00CD3409 /* shadow.png */; };
		F7C65D920DBC453E00CD3409 /* SPiece.cpp in Sources */ = {isa = PBXBuildFile; fileRef = F7C65D750DBC453E00CD3409 /* SPiece.cpp */; };
		F7C65D930DBC453E00CD3409 /* texture.cpp in Sources */ = {isa = PBXBuildFile; fileRef = F7C65D770DBC453E00CD3409 /* texture.cpp */; };
		F7C65D940DBC453E00CD3409 /* TPiece.cpp in Sources */ = {isa = PBXBuildFile; fileRef = F7C65D790DBC453E00CD3409 /* TPiece.cpp */; };
		F7C65D950DBC453E00CD3409 /* ZPiece.cpp in Sources */ = {isa = PBXBuildFile; fileRef = F7C65D7B0DBC453E00CD3409 /* ZPiece.cpp */; };
		F7C65F700DBC58EC00CD3409 /* APPL.icns in Resources */ = {isa = PBXBuildFile; fileRef = F7C65F6F0DBC58EC00CD3409 /* APPL.icns */; };
		F7C660720DBC7B4700CD3409 /* shadow.png in Resources */ = {isa = PBXBuildFile; fileRef = F7C660700DBC7B4700CD3409 /* shadow.png */; };
		F7C660730DBC7B4700CD3409 /* reflectionfade.png in Resources */ = {isa = PBXBuildFile; fileRef = F7C660710DBC7B4700CD3409 /* reflectionfade.png */; };
		F7C660790DBC7B7500CD3409 /* DINNeuzeitGroteskStd-Light.otf in Resources */ = {isa = PBXBuildFile; fileRef = F7C660740DBC7B7500CD3409 /* DINNeuzeitGroteskStd-Light.otf */; };
		F7C6607A0DBC7B7500CD3409 /* blocktopleft.png in Resources */ = {isa = PBXBuildFile; fileRef = F7C660750DBC7B7500CD3409 /* blocktopleft.png */; };
		F7C6607B0DBC7B7500CD3409 /* blocktop.png in Resources */ = {isa = PBXBuildFile; fileRef = F7C660760DBC7B7500CD3409 /* blocktop.png */; };
		F7C6607C0DBC7B7500CD3409 /* blockleft.png in Resources */ = {isa = PBXBuildFile; fileRef = F7C660770DBC7B7500CD3409 /* blockleft.png */; };
		F7C6607D0DBC7B7500CD3409 /* block.png in Resources */ = {isa = PBXBuildFile; fileRef = F7C660780DBC7B7500CD3409 /* block.png */; };
		F7C6607F0DBC7B8000CD3409 /* bg.png in Resources */ = {isa = PBXBuildFile; fileRef = F7C6607E0DBC7B8000CD3409 /* bg.png */; };
/* End PBXBuildFile section */

/* Begin PBXContainerItemProxy section */
		68A4AAD3127A28B000663AC4 /* PBXContainerItemProxy */ = {
			isa = PBXContainerItemProxy;
			containerPortal = 68A4AACE127A28B000663AC4 /* freetype.xcodeproj */;
			proxyType = 2;
			remoteGlobalIDString = 8D07F2C80486CC7A007CD1D0;
			remoteInfo = freetype;
		};
		68A4AAD5127A28B000663AC4 /* PBXContainerItemProxy */ = {
			isa = PBXContainerItemProxy;
			containerPortal = 68A4AACE127A28B000663AC4 /* freetype.xcodeproj */;
			proxyType = 2;
			remoteGlobalIDString = 00A688770B044721003F7FE5;
			remoteInfo = freetypelib;
		};
		68A4AB24127A2C2700663AC4 /* PBXContainerItemProxy */ = {
			isa = PBXContainerItemProxy;
			containerPortal = 68A4AACE127A28B000663AC4 /* freetype.xcodeproj */;
			proxyType = 1;
			remoteGlobalIDString = 00A688760B044721003F7FE5;
			remoteInfo = freetypelib;
		};
		68A4AB4B127A2E0500663AC4 /* PBXContainerItemProxy */ = {
			isa = PBXContainerItemProxy;
			containerPortal = 68A4AACE127A28B000663AC4 /* freetype.xcodeproj */;
			proxyType = 2;
			remoteGlobalIDString = 68A4AB49127A2E0500663AC4;
			remoteInfo = iosStatic;
		};
/* End PBXContainerItemProxy section */

/* Begin PBXFileReference section */
		5673FEC007B19E0000AF4085 /* OpenGL.framework */ = {isa = PBXFileReference; lastKnownFileType = wrapper.framework; name = OpenGL.framework; path = /System/Library/Frameworks/OpenGL.framework; sourceTree = "<absolute>"; };
		5673FECD07B19E4E00AF4085 /* MilkBlocks.app */ = {isa = PBXFileReference; explicitFileType = wrapper.application; includeInIndex = 0; path = MilkBlocks.app; sourceTree = BUILT_PRODUCTS_DIR; };
		682E26011279F1E800B1B498 /* adler32.c */ = {isa = PBXFileReference; fileEncoding = 4; lastKnownFileType = sourcecode.c.c; path = adler32.c; sourceTree = "<group>"; };
		682E260C1279F1E800B1B498 /* compress.c */ = {isa = PBXFileReference; fileEncoding = 4; lastKnownFileType = sourcecode.c.c; path = compress.c; sourceTree = "<group>"; };
		682E269E1279F1E800B1B498 /* crc32.c */ = {isa = PBXFileReference; fileEncoding = 4; lastKnownFileType = sourcecode.c.c; path = crc32.c; sourceTree = "<group>"; };
		682E269F1279F1E800B1B498 /* crc32.h */ = {isa = PBXFileReference; fileEncoding = 4; lastKnownFileType = sourcecode.c.h; path = crc32.h; sourceTree = "<group>"; };
		682E26A01279F1E800B1B498 /* deflate.c */ = {isa = PBXFileReference; fileEncoding = 4; lastKnownFileType = sourcecode.c.c; path = deflate.c; sourceTree = "<group>"; };
		682E26A11279F1E800B1B498 /* deflate.h */ = {isa = PBXFileReference; fileEncoding = 4; lastKnownFileType = sourcecode.c.h; path = deflate.h; sourceTree = "<group>"; };
		682E26AF1279F1E800B1B498 /* gzio.c */ = {isa = PBXFileReference; fileEncoding = 4; lastKnownFileType = sourcecode.c.c; path = gzio.c; sourceTree = "<group>"; };
		682E26B11279F1E800B1B498 /* infback.c */ = {isa = PBXFileReference; fileEncoding = 4; lastKnownFileType = sourcecode.c.c; path = infback.c; sourceTree = "<group>"; };
		682E26B21279F1E800B1B498 /* inffast.c */ = {isa = PBXFileReference; fileEncoding = 4; lastKnownFileType = sourcecode.c.c; path = inffast.c; sourceTree = "<group>"; };
		682E26B31279F1E800B1B498 /* inffast.h */ = {isa = PBXFileReference; fileEncoding = 4; lastKnownFileType = sourcecode.c.h; path = inffast.h; sourceTree = "<group>"; };
		682E26B41279F1E800B1B498 /* inffixed.h */ = {isa = PBXFileReference; fileEncoding = 4; lastKnownFileType = sourcecode.c.h; path = inffixed.h; sourceTree = "<group>"; };
		682E26B51279F1E800B1B498 /* inflate.c */ = {isa = PBXFileReference; fileEncoding = 4; lastKnownFileType = sourcecode.c.c; path = inflate.c; sourceTree = "<group>"; };
		682E26B61279F1E800B1B498 /* inflate.h */ = {isa = PBXFileReference; fileEncoding = 4; lastKnownFileType = sourcecode.c.h; path = inflate.h; sourceTree = "<group>"; };
		682E26B71279F1E800B1B498 /* inftrees.c */ = {isa = PBXFileReference; fileEncoding = 4; lastKnownFileType = sourcecode.c.c; path = inftrees.c; sourceTree = "<group>"; };
		682E26B81279F1E800B1B498 /* inftrees.h */ = {isa = PBXFileReference; fileEncoding = 4; lastKnownFileType = sourcecode.c.h; path = inftrees.h; sourceTree = "<group>"; };
		682E26D71279F1E800B1B498 /* trees.c */ = {isa = PBXFileReference; fileEncoding = 4; lastKnownFileType = sourcecode.c.c; path = trees.c; sourceTree = "<group>"; };
		682E26D81279F1E800B1B498 /* trees.h */ = {isa = PBXFileReference; fileEncoding = 4; lastKnownFileType = sourcecode.c.h; path = trees.h; sourceTree = "<group>"; };
		682E26D91279F1E800B1B498 /* uncompr.c */ = {isa = PBXFileReference; fileEncoding = 4; lastKnownFileType = sourcecode.c.c; path = uncompr.c; sourceTree = "<group>"; };
		682E26E31279F1E800B1B498 /* zconf.h */ = {isa = PBXFileReference; fileEncoding = 4; lastKnownFileType = sourcecode.c.h; path = zconf.h; sourceTree = "<group>"; };
		682E26E41279F1E800B1B498 /* zconf.in.h */ = {isa = PBXFileReference; fileEncoding = 4; lastKnownFileType = sourcecode.c.h; path = zconf.in.h; sourceTree = "<group>"; };
		682E26E61279F1E800B1B498 /* zlib.h */ = {isa = PBXFileReference; fileEncoding = 4; lastKnownFileType = sourcecode.c.h; path = zlib.h; sourceTree = "<group>"; };
		682E26E71279F1E800B1B498 /* zutil.c */ = {isa = PBXFileReference; fileEncoding = 4; lastKnownFileType = sourcecode.c.c; path = zutil.c; sourceTree = "<group>"; };
		682E26E81279F1E800B1B498 /* zutil.h */ = {isa = PBXFileReference; fileEncoding = 4; lastKnownFileType = sourcecode.c.h; path = zutil.h; sourceTree = "<group>"; };
		682E27F41279F31C00B1B498 /* png.c */ = {isa = PBXFileReference; fileEncoding = 4; lastKnownFileType = sourcecode.c.c; path = png.c; sourceTree = "<group>"; };
		682E27F51279F31C00B1B498 /* png.h */ = {isa = PBXFileReference; fileEncoding = 4; lastKnownFileType = sourcecode.c.h; path = png.h; sourceTree = "<group>"; };
		682E27F61279F31C00B1B498 /* pngbar.jpg */ = {isa = PBXFileReference; lastKnownFileType = image.jpeg; path = pngbar.jpg; sourceTree = "<group>"; };
		682E27F71279F31C00B1B498 /* pngbar.png */ = {isa = PBXFileReference; lastKnownFileType = image.png; path = pngbar.png; sourceTree = "<group>"; };
		682E27F81279F31C00B1B498 /* pngconf.h */ = {isa = PBXFileReference; fileEncoding = 4; lastKnownFileType = sourcecode.c.h; path = pngconf.h; sourceTree = "<group>"; };
		682E27F91279F31C00B1B498 /* pngerror.c */ = {isa = PBXFileReference; fileEncoding = 4; lastKnownFileType = sourcecode.c.c; path = pngerror.c; sourceTree = "<group>"; };
		682E27FA1279F31C00B1B498 /* pnggccrd.c */ = {isa = PBXFileReference; fileEncoding = 4; lastKnownFileType = sourcecode.c.c; path = pnggccrd.c; sourceTree = "<group>"; };
		682E27FB1279F31C00B1B498 /* pngget.c */ = {isa = PBXFileReference; fileEncoding = 4; lastKnownFileType = sourcecode.c.c; path = pngget.c; sourceTree = "<group>"; };
		682E27FC1279F31C00B1B498 /* pngmem.c */ = {isa = PBXFileReference; fileEncoding = 4; lastKnownFileType = sourcecode.c.c; path = pngmem.c; sourceTree = "<group>"; };
		682E27FD1279F31C00B1B498 /* pngnow.png */ = {isa = PBXFileReference; lastKnownFileType = image.png; path = pngnow.png; sourceTree = "<group>"; };
		682E27FE1279F31C00B1B498 /* pngpread.c */ = {isa = PBXFileReference; fileEncoding = 4; lastKnownFileType = sourcecode.c.c; path = pngpread.c; sourceTree = "<group>"; };
		682E27FF1279F31C00B1B498 /* pngread.c */ = {isa = PBXFileReference; fileEncoding = 4; lastKnownFileType = sourcecode.c.c; path = pngread.c; sourceTree = "<group>"; };
		682E28001279F31C00B1B498 /* pngrio.c */ = {isa = PBXFileReference; fileEncoding = 4; lastKnownFileType = sourcecode.c.c; path = pngrio.c; sourceTree = "<group>"; };
		682E28011279F31C00B1B498 /* pngrtran.c */ = {isa = PBXFileReference; fileEncoding = 4; lastKnownFileType = sourcecode.c.c; path = pngrtran.c; sourceTree = "<group>"; };
		682E28021279F31C00B1B498 /* pngrutil.c */ = {isa = PBXFileReference; fileEncoding = 4; lastKnownFileType = sourcecode.c.c; path = pngrutil.c; sourceTree = "<group>"; };
		682E28031279F31C00B1B498 /* pngset.c */ = {isa = PBXFileReference; fileEncoding = 4; lastKnownFileType = sourcecode.c.c; path = pngset.c; sourceTree = "<group>"; };
		682E28051279F31C00B1B498 /* pngtest.png */ = {isa = PBXFileReference; lastKnownFileType = image.png; path = pngtest.png; sourceTree = "<group>"; };
		682E28061279F31C00B1B498 /* pngtrans.c */ = {isa = PBXFileReference; fileEncoding = 4; lastKnownFileType = sourcecode.c.c; path = pngtrans.c; sourceTree = "<group>"; };
		682E28071279F31C00B1B498 /* pngvcrd.c */ = {isa = PBXFileReference; fileEncoding = 4; lastKnownFileType = sourcecode.c.c; path = pngvcrd.c; sourceTree = "<group>"; };
		682E28081279F31C00B1B498 /* pngwio.c */ = {isa = PBXFileReference; fileEncoding = 4; lastKnownFileType = sourcecode.c.c; path = pngwio.c; sourceTree = "<group>"; };
		682E28091279F31C00B1B498 /* pngwrite.c */ = {isa = PBXFileReference; fileEncoding = 4; lastKnownFileType = sourcecode.c.c; path = pngwrite.c; sourceTree = "<group>"; };
		682E280A1279F31C00B1B498 /* pngwtran.c */ = {isa = PBXFileReference; fileEncoding = 4; lastKnownFileType = sourcecode.c.c; path = pngwtran.c; sourceTree = "<group>"; };
		682E280B1279F31C00B1B498 /* pngwutil.c */ = {isa = PBXFileReference; fileEncoding = 4; lastKnownFileType = sourcecode.c.c; path = pngwutil.c; sourceTree = "<group>"; };
		688DFFD7127A4F000080E234 /* PlatformSingleton.cpp */ = {isa = PBXFileReference; fileEncoding = 4; lastKnownFileType = sourcecode.cpp.cpp; path = PlatformSingleton.cpp; sourceTree = "<group>"; };
		688DFFD8127A4F000080E234 /* PlatformSingleton.h */ = {isa = PBXFileReference; fileEncoding = 4; lastKnownFileType = sourcecode.c.h; path = PlatformSingleton.h; sourceTree = "<group>"; };
		68A4AACE127A28B000663AC4 /* freetype.xcodeproj */ = {isa = PBXFileReference; lastKnownFileType = "wrapper.pb-project"; name = freetype.xcodeproj; path = "../freetype-2.4.3/freetype.xcodeproj"; sourceTree = SOURCE_ROOT; };
		68A4AB3F127A2D0000663AC4 /* libfreetype.a */ = {isa = PBXFileReference; lastKnownFileType = archive.ar; name = libfreetype.a; path = "/Users/rmanson/github/milkblocks/freetype-2.4.3/build/Debug/libfreetype.a"; sourceTree = "<absolute>"; };
		68A4AC21127A432000663AC4 /* Application.h */ = {isa = PBXFileReference; fileEncoding = 4; lastKnownFileType = sourcecode.c.h; path = Application.h; sourceTree = "<group>"; };
		68A4AC22127A432000663AC4 /* Platform.cpp */ = {isa = PBXFileReference; fileEncoding = 4; lastKnownFileType = sourcecode.cpp.cpp; path = Platform.cpp; sourceTree = "<group>"; };
		68A4AC23127A432000663AC4 /* Platform.h */ = {isa = PBXFileReference; fileEncoding = 4; lastKnownFileType = sourcecode.c.h; path = Platform.h; sourceTree = "<group>"; };
		68A4AC24127A432000663AC4 /* PlatformIPhone.cpp */ = {isa = PBXFileReference; fileEncoding = 4; lastKnownFileType = sourcecode.cpp.cpp; path = PlatformIPhone.cpp; sourceTree = "<group>"; };
		68A4AC25127A432000663AC4 /* PlatformIPhone.h */ = {isa = PBXFileReference; fileEncoding = 4; lastKnownFileType = sourcecode.c.h; path = PlatformIPhone.h; sourceTree = "<group>"; };
		68A4AC4F127A46FC00663AC4 /* GLUT.framework */ = {isa = PBXFileReference; lastKnownFileType = wrapper.framework; name = GLUT.framework; path = System/Library/Frameworks/GLUT.framework; sourceTree = SDKROOT; };
		68A4AC59127A474900663AC4 /* CoreFoundation.framework */ = {isa = PBXFileReference; lastKnownFileType = wrapper.framework; name = CoreFoundation.framework; path = System/Library/Frameworks/CoreFoundation.framework; sourceTree = SDKROOT; };
		F7C65D100DBC437600CD3409 /* MilkBlocks-Info.plist */ = {isa = PBXFileReference; fileEncoding = 30; lastKnownFileType = text.plist.xml; path = "MilkBlocks-Info.plist"; sourceTree = "<group>"; };
		F7C65D490DBC453E00CD3409 /* Animatable.cpp */ = {isa = PBXFileReference; fileEncoding = 30; lastKnownFileType = sourcecode.cpp.cpp; name = Animatable.cpp; path = ../Animatable.cpp; sourceTree = SOURCE_ROOT; };
		F7C65D4A0DBC453E00CD3409 /* Animatable.h */ = {isa = PBXFileReference; fileEncoding = 30; lastKnownFileType = sourcecode.c.h; name = Animatable.h; path = ../Animatable.h; sourceTree = SOURCE_ROOT; };
		F7C65D4B0DBC453E00CD3409 /* Back.h */ = {isa = PBXFileReference; fileEncoding = 30; lastKnownFileType = sourcecode.c.h; name = Back.h; path = ../Easing/Back.h; sourceTree = SOURCE_ROOT; };
		F7C65D4C0DBC453E00CD3409 /* bg.png */ = {isa = PBXFileReference; lastKnownFileType = image.png; name = bg.png; path = ../bg.png; sourceTree = SOURCE_ROOT; };
		F7C65D4D0DBC453E00CD3409 /* Bitmap.cpp */ = {isa = PBXFileReference; fileEncoding = 30; lastKnownFileType = sourcecode.cpp.cpp; name = Bitmap.cpp; path = ../Bitmap.cpp; sourceTree = SOURCE_ROOT; };
		F7C65D4E0DBC453E00CD3409 /* Bitmap.h */ = {isa = PBXFileReference; fileEncoding = 30; lastKnownFileType = sourcecode.c.h; name = Bitmap.h; path = ../Bitmap.h; sourceTree = SOURCE_ROOT; };
		F7C65D4F0DBC453E00CD3409 /* Block.cpp */ = {isa = PBXFileReference; fileEncoding = 30; lastKnownFileType = sourcecode.cpp.cpp; name = Block.cpp; path = ../Block.cpp; sourceTree = SOURCE_ROOT; };
		F7C65D500DBC453E00CD3409 /* Block.h */ = {isa = PBXFileReference; fileEncoding = 30; lastKnownFileType = sourcecode.c.h; name = Block.h; path = ../Block.h; sourceTree = SOURCE_ROOT; };
		F7C65D510DBC453E00CD3409 /* block.png */ = {isa = PBXFileReference; lastKnownFileType = image.png; name = block.png; path = ../block.png; sourceTree = SOURCE_ROOT; };
		F7C65D520DBC453E00CD3409 /* blockleft.png */ = {isa = PBXFileReference; lastKnownFileType = image.png; name = blockleft.png; path = ../blockleft.png; sourceTree = SOURCE_ROOT; };
		F7C65D530DBC453E00CD3409 /* blocktop.png */ = {isa = PBXFileReference; lastKnownFileType = image.png; name = blocktop.png; path = ../blocktop.png; sourceTree = SOURCE_ROOT; };
		F7C65D540DBC453E00CD3409 /* blocktopleft.png */ = {isa = PBXFileReference; lastKnownFileType = image.png; name = blocktopleft.png; path = ../blocktopleft.png; sourceTree = SOURCE_ROOT; };
		F7C65D550DBC453E00CD3409 /* Circ.h */ = {isa = PBXFileReference; fileEncoding = 30; lastKnownFileType = sourcecode.c.h; name = Circ.h; path = ../Easing/Circ.h; sourceTree = SOURCE_ROOT; };
		F7C65D560DBC453E00CD3409 /* Cubic.h */ = {isa = PBXFileReference; fileEncoding = 30; lastKnownFileType = sourcecode.c.h; name = Cubic.h; path = ../Easing/Cubic.h; sourceTree = SOURCE_ROOT; };
		F7C65D570DBC453E00CD3409 /* DINNeuzeitGroteskStd-Light.otf */ = {isa = PBXFileReference; lastKnownFileType = file; name = "DINNeuzeitGroteskStd-Light.otf"; path = "../DINNeuzeitGroteskStd-Light.otf"; sourceTree = SOURCE_ROOT; };
		F7C65D580DBC453E00CD3409 /* Elastic.h */ = {isa = PBXFileReference; fileEncoding = 30; lastKnownFileType = sourcecode.c.h; name = Elastic.h; path = ../Easing/Elastic.h; sourceTree = SOURCE_ROOT; };
		F7C65D590DBC453E00CD3409 /* Expo.h */ = {isa = PBXFileReference; fileEncoding = 30; lastKnownFileType = sourcecode.c.h; name = Expo.h; path = ../Easing/Expo.h; sourceTree = SOURCE_ROOT; };
		F7C65D5A0DBC453E00CD3409 /* font.cpp */ = {isa = PBXFileReference; fileEncoding = 30; lastKnownFileType = sourcecode.cpp.cpp; name = font.cpp; path = ../font/font.cpp; sourceTree = SOURCE_ROOT; };
		F7C65D5B0DBC453E00CD3409 /* font.h */ = {isa = PBXFileReference; fileEncoding = 30; lastKnownFileType = sourcecode.c.h; name = font.h; path = ../font/font.h; sourceTree = SOURCE_ROOT; };
		F7C65D5C0DBC453E00CD3409 /* Grid.cpp */ = {isa = PBXFileReference; fileEncoding = 30; lastKnownFileType = sourcecode.cpp.cpp; name = Grid.cpp; path = ../Grid.cpp; sourceTree = SOURCE_ROOT; };
		F7C65D5D0DBC453E00CD3409 /* Grid.h */ = {isa = PBXFileReference; fileEncoding = 30; lastKnownFileType = sourcecode.c.h; name = Grid.h; path = ../Grid.h; sourceTree = SOURCE_ROOT; };
		F7C65D5E0DBC453E00CD3409 /* HUD.h */ = {isa = PBXFileReference; fileEncoding = 30; lastKnownFileType = sourcecode.c.h; name = HUD.h; path = ../HUD.h; sourceTree = SOURCE_ROOT; };
		F7C65D5F0DBC453E00CD3409 /* IPiece.cpp */ = {isa = PBXFileReference; fileEncoding = 30; lastKnownFileType = sourcecode.cpp.cpp; name = IPiece.cpp; path = ../Pieces/IPiece.cpp; sourceTree = SOURCE_ROOT; };
		F7C65D600DBC453E00CD3409 /* IPiece.h */ = {isa = PBXFileReference; fileEncoding = 30; lastKnownFileType = sourcecode.c.h; name = IPiece.h; path = ../Pieces/IPiece.h; sourceTree = SOURCE_ROOT; };
		F7C65D610DBC453E00CD3409 /* JPiece.cpp */ = {isa = PBXFileReference; fileEncoding = 30; lastKnownFileType = sourcecode.cpp.cpp; name = JPiece.cpp; path = ../Pieces/JPiece.cpp; sourceTree = SOURCE_ROOT; };
		F7C65D620DBC453E00CD3409 /* JPiece.h */ = {isa = PBXFileReference; fileEncoding = 30; lastKnownFileType = sourcecode.c.h; name = JPiece.h; path = ../Pieces/JPiece.h; sourceTree = SOURCE_ROOT; };
		F7C65D630DBC453E00CD3409 /* Linear.h */ = {isa = PBXFileReference; fileEncoding = 30; lastKnownFileType = sourcecode.c.h; name = Linear.h; path = ../Easing/Linear.h; sourceTree = SOURCE_ROOT; };
		F7C65D640DBC453E00CD3409 /* LPiece.cpp */ = {isa = PBXFileReference; fileEncoding = 30; lastKnownFileType = sourcecode.cpp.cpp; name = LPiece.cpp; path = ../Pieces/LPiece.cpp; sourceTree = SOURCE_ROOT; };
		F7C65D650DBC453E00CD3409 /* LPiece.h */ = {isa = PBXFileReference; fileEncoding = 30; lastKnownFileType = sourcecode.c.h; name = LPiece.h; path = ../Pieces/LPiece.h; sourceTree = SOURCE_ROOT; };
		F7C65D660DBC453E00CD3409 /* milkblocks-Info.plist */ = {isa = PBXFileReference; fileEncoding = 30; lastKnownFileType = text.plist.xml; path = "milkblocks-Info.plist"; sourceTree = "<group>"; };
		F7C65D670DBC453E00CD3409 /* milkblocks.app */ = {isa = PBXFileReference; lastKnownFileType = wrapper.application; name = milkblocks.app; path = build/Debug/milkblocks.app; sourceTree = "<group>"; };
		F7C65D680DBC453E00CD3409 /* milkblocks.cpp */ = {isa = PBXFileReference; fileEncoding = 30; lastKnownFileType = sourcecode.cpp.cpp; name = milkblocks.cpp; path = ../milkblocks.cpp; sourceTree = SOURCE_ROOT; };
		F7C65D690DBC453E00CD3409 /* milkblocks.h */ = {isa = PBXFileReference; fileEncoding = 30; lastKnownFileType = sourcecode.c.h; name = milkblocks.h; path = ../milkblocks.h; sourceTree = SOURCE_ROOT; };
		F7C65D6A0DBC453E00CD3409 /* OPiece.cpp */ = {isa = PBXFileReference; fileEncoding = 30; lastKnownFileType = sourcecode.cpp.cpp; name = OPiece.cpp; path = ../Pieces/OPiece.cpp; sourceTree = SOURCE_ROOT; };
		F7C65D6B0DBC453E00CD3409 /* OPiece.h */ = {isa = PBXFileReference; fileEncoding = 30; lastKnownFileType = sourcecode.c.h; name = OPiece.h; path = ../Pieces/OPiece.h; sourceTree = SOURCE_ROOT; };
		F7C65D6C0DBC453E00CD3409 /* Piece.cpp */ = {isa = PBXFileReference; fileEncoding = 30; lastKnownFileType = sourcecode.cpp.cpp; name = Piece.cpp; path = ../Piece.cpp; sourceTree = SOURCE_ROOT; };
		F7C65D6D0DBC453E00CD3409 /* Piece.h */ = {isa = PBXFileReference; fileEncoding = 30; lastKnownFileType = sourcecode.c.h; name = Piece.h; path = ../Piece.h; sourceTree = SOURCE_ROOT; };
		F7C65D6E0DBC453E00CD3409 /* Quad.h */ = {isa = PBXFileReference; fileEncoding = 30; lastKnownFileType = sourcecode.c.h; name = Quad.h; path = ../Easing/Quad.h; sourceTree = SOURCE_ROOT; };
		F7C65D6F0DBC453E00CD3409 /* Quart.h */ = {isa = PBXFileReference; fileEncoding = 30; lastKnownFileType = sourcecode.c.h; name = Quart.h; path = ../Easing/Quart.h; sourceTree = SOURCE_ROOT; };
		F7C65D700DBC453E00CD3409 /* Quint.h */ = {isa = PBXFileReference; fileEncoding = 30; lastKnownFileType = sourcecode.c.h; name = Quint.h; path = ../Easing/Quint.h; sourceTree = SOURCE_ROOT; };
		F7C65D710DBC453E00CD3409 /* Random.h */ = {isa = PBXFileReference; fileEncoding = 30; lastKnownFileType = sourcecode.c.h; name = Random.h; path = ../Random.h; sourceTree = SOURCE_ROOT; };
		F7C65D720DBC453E00CD3409 /* reflectionfade.png */ = {isa = PBXFileReference; lastKnownFileType = image.png; name = reflectionfade.png; path = ../reflectionfade.png; sourceTree = SOURCE_ROOT; };
		F7C65D730DBC453E00CD3409 /* shadow.png */ = {isa = PBXFileReference; lastKnownFileType = image.png; name = shadow.png; path = ../shadow.png; sourceTree = SOURCE_ROOT; };
		F7C65D740DBC453E00CD3409 /* Sine.h */ = {isa = PBXFileReference; fileEncoding = 30; lastKnownFileType = sourcecode.c.h; name = Sine.h; path = ../Easing/Sine.h; sourceTree = SOURCE_ROOT; };
		F7C65D750DBC453E00CD3409 /* SPiece.cpp */ = {isa = PBXFileReference; fileEncoding = 30; lastKnownFileType = sourcecode.cpp.cpp; name = SPiece.cpp; path = ../Pieces/SPiece.cpp; sourceTree = SOURCE_ROOT; };
		F7C65D760DBC453E00CD3409 /* SPiece.h */ = {isa = PBXFileReference; fileEncoding = 30; lastKnownFileType = sourcecode.c.h; name = SPiece.h; path = ../Pieces/SPiece.h; sourceTree = SOURCE_ROOT; };
		F7C65D770DBC453E00CD3409 /* texture.cpp */ = {isa = PBXFileReference; fileEncoding = 30; lastKnownFileType = sourcecode.cpp.cpp; name = texture.cpp; path = ../texture.cpp; sourceTree = SOURCE_ROOT; };
		F7C65D780DBC453E00CD3409 /* texture.h */ = {isa = PBXFileReference; fileEncoding = 30; lastKnownFileType = sourcecode.c.h; name = texture.h; path = ../texture.h; sourceTree = SOURCE_ROOT; };
		F7C65D790DBC453E00CD3409 /* TPiece.cpp */ = {isa = PBXFileReference; fileEncoding = 30; lastKnownFileType = sourcecode.cpp.cpp; name = TPiece.cpp; path = ../Pieces/TPiece.cpp; sourceTree = SOURCE_ROOT; };
		F7C65D7A0DBC453E00CD3409 /* TPiece.h */ = {isa = PBXFileReference; fileEncoding = 30; lastKnownFileType = sourcecode.c.h; name = TPiece.h; path = ../Pieces/TPiece.h; sourceTree = SOURCE_ROOT; };
		F7C65D7B0DBC453E00CD3409 /* ZPiece.cpp */ = {isa = PBXFileReference; fileEncoding = 30; lastKnownFileType = sourcecode.cpp.cpp; name = ZPiece.cpp; path = ../Pieces/ZPiece.cpp; sourceTree = SOURCE_ROOT; };
		F7C65D7C0DBC453E00CD3409 /* ZPiece.h */ = {isa = PBXFileReference; fileEncoding = 30; lastKnownFileType = sourcecode.c.h; name = ZPiece.h; path = ../Pieces/ZPiece.h; sourceTree = SOURCE_ROOT; };
		F7C65F6F0DBC58EC00CD3409 /* APPL.icns */ = {isa = PBXFileReference; lastKnownFileType = image.icns; path = APPL.icns; sourceTree = "<group>"; };
		F7C660700DBC7B4700CD3409 /* shadow.png */ = {isa = PBXFileReference; lastKnownFileType = image.png; name = shadow.png; path = ../shadow.png; sourceTree = SOURCE_ROOT; };
		F7C660710DBC7B4700CD3409 /* reflectionfade.png */ = {isa = PBXFileReference; lastKnownFileType = image.png; name = reflectionfade.png; path = ../reflectionfade.png; sourceTree = SOURCE_ROOT; };
		F7C660740DBC7B7500CD3409 /* DINNeuzeitGroteskStd-Light.otf */ = {isa = PBXFileReference; lastKnownFileType = file; name = "DINNeuzeitGroteskStd-Light.otf"; path = "../DINNeuzeitGroteskStd-Light.otf"; sourceTree = SOURCE_ROOT; };
		F7C660750DBC7B7500CD3409 /* blocktopleft.png */ = {isa = PBXFileReference; lastKnownFileType = image.png; name = blocktopleft.png; path = ../blocktopleft.png; sourceTree = SOURCE_ROOT; };
		F7C660760DBC7B7500CD3409 /* blocktop.png */ = {isa = PBXFileReference; lastKnownFileType = image.png; name = blocktop.png; path = ../blocktop.png; sourceTree = SOURCE_ROOT; };
		F7C660770DBC7B7500CD3409 /* blockleft.png */ = {isa = PBXFileReference; lastKnownFileType = image.png; name = blockleft.png; path = ../blockleft.png; sourceTree = SOURCE_ROOT; };
		F7C660780DBC7B7500CD3409 /* block.png */ = {isa = PBXFileReference; lastKnownFileType = image.png; name = block.png; path = ../block.png; sourceTree = SOURCE_ROOT; };
		F7C6607E0DBC7B8000CD3409 /* bg.png */ = {isa = PBXFileReference; lastKnownFileType = image.png; name = bg.png; path = ../bg.png; sourceTree = SOURCE_ROOT; };
/* End PBXFileReference section */

/* Begin PBXFrameworksBuildPhase section */
		5673FECB07B19E4E00AF4085 /* Frameworks */ = {
			isa = PBXFrameworksBuildPhase;
			buildActionMask = 2147483647;
			files = (
				5673FEDB07B19E9D00AF4085 /* OpenGL.framework in Frameworks */,
				68A4AB40127A2D0000663AC4 /* libfreetype.a in Frameworks */,
				68A4AC50127A46FC00663AC4 /* GLUT.framework in Frameworks */,
				68A4AC5A127A474900663AC4 /* CoreFoundation.framework in Frameworks */,
			);
			runOnlyForDeploymentPostprocessing = 0;
		};
/* End PBXFrameworksBuildPhase section */

/* Begin PBXGroup section */
		5607DA2C07B19B9D00C2151B = {
			isa = PBXGroup;
			children = (
				68A4AC20127A432000663AC4 /* Platform */,
				68A4AACE127A28B000663AC4 /* freetype.xcodeproj */,
				682E27AB1279F31C00B1B498 /* lpng */,
				682E26001279F1E800B1B498 /* zlib */,
				F7C65F6C0DBC58DC00CD3409 /* Resources */,
				F7C65ECB0DBC510C00CD3409 /* libs */,
				5673FEC007B19E0000AF4085 /* OpenGL.framework */,
				5607DA4007B19BE500C2151B /* MilkBlocks */,
				5673FE8407B19D4B00AF4085 /* Products */,
				68A4AB3F127A2D0000663AC4 /* libfreetype.a */,
				68A4AC4F127A46FC00663AC4 /* GLUT.framework */,
				68A4AC59127A474900663AC4 /* CoreFoundation.framework */,
			);
			sourceTree = "<group>";
		};
		5607DA4007B19BE500C2151B /* MilkBlocks */ = {
			isa = PBXGroup;
			children = (
				F7C65D490DBC453E00CD3409 /* Animatable.cpp */,
				F7C65D4A0DBC453E00CD3409 /* Animatable.h */,
				F7C65D4B0DBC453E00CD3409 /* Back.h */,
				F7C65D4C0DBC453E00CD3409 /* bg.png */,
				F7C65D4D0DBC453E00CD3409 /* Bitmap.cpp */,
				F7C65D4E0DBC453E00CD3409 /* Bitmap.h */,
				F7C65D4F0DBC453E00CD3409 /* Block.cpp */,
				F7C65D500DBC453E00CD3409 /* Block.h */,
				F7C65D510DBC453E00CD3409 /* block.png */,
				F7C65D520DBC453E00CD3409 /* blockleft.png */,
				F7C65D530DBC453E00CD3409 /* blocktop.png */,
				F7C65D540DBC453E00CD3409 /* blocktopleft.png */,
				F7C65D550DBC453E00CD3409 /* Circ.h */,
				F7C65D560DBC453E00CD3409 /* Cubic.h */,
				F7C65D570DBC453E00CD3409 /* DINNeuzeitGroteskStd-Light.otf */,
				F7C65D580DBC453E00CD3409 /* Elastic.h */,
				F7C65D590DBC453E00CD3409 /* Expo.h */,
				F7C65D5A0DBC453E00CD3409 /* font.cpp */,
				F7C65D5B0DBC453E00CD3409 /* font.h */,
				F7C65D5C0DBC453E00CD3409 /* Grid.cpp */,
				F7C65D5D0DBC453E00CD3409 /* Grid.h */,
				F7C65D5E0DBC453E00CD3409 /* HUD.h */,
				F7C65D5F0DBC453E00CD3409 /* IPiece.cpp */,
				F7C65D600DBC453E00CD3409 /* IPiece.h */,
				F7C65D610DBC453E00CD3409 /* JPiece.cpp */,
				F7C65D620DBC453E00CD3409 /* JPiece.h */,
				F7C65D630DBC453E00CD3409 /* Linear.h */,
				F7C65D640DBC453E00CD3409 /* LPiece.cpp */,
				F7C65D650DBC453E00CD3409 /* LPiece.h */,
				F7C65D660DBC453E00CD3409 /* milkblocks-Info.plist */,
				F7C65D670DBC453E00CD3409 /* milkblocks.app */,
				F7C65D680DBC453E00CD3409 /* milkblocks.cpp */,
				F7C65D690DBC453E00CD3409 /* milkblocks.h */,
				F7C65D6A0DBC453E00CD3409 /* OPiece.cpp */,
				F7C65D6B0DBC453E00CD3409 /* OPiece.h */,
				F7C65D6C0DBC453E00CD3409 /* Piece.cpp */,
				F7C65D6D0DBC453E00CD3409 /* Piece.h */,
				F7C65D6E0DBC453E00CD3409 /* Quad.h */,
				F7C65D6F0DBC453E00CD3409 /* Quart.h */,
				F7C65D700DBC453E00CD3409 /* Quint.h */,
				F7C65D710DBC453E00CD3409 /* Random.h */,
				F7C65D720DBC453E00CD3409 /* reflectionfade.png */,
				F7C65D730DBC453E00CD3409 /* shadow.png */,
				F7C65D740DBC453E00CD3409 /* Sine.h */,
				F7C65D750DBC453E00CD3409 /* SPiece.cpp */,
				F7C65D760DBC453E00CD3409 /* SPiece.h */,
				F7C65D770DBC453E00CD3409 /* texture.cpp */,
				F7C65D780DBC453E00CD3409 /* texture.h */,
				F7C65D790DBC453E00CD3409 /* TPiece.cpp */,
				F7C65D7A0DBC453E00CD3409 /* TPiece.h */,
				F7C65D7B0DBC453E00CD3409 /* ZPiece.cpp */,
				F7C65D7C0DBC453E00CD3409 /* ZPiece.h */,
			);
			name = MilkBlocks;
			sourceTree = "<group>";
		};
		5673FE8407B19D4B00AF4085 /* Products */ = {
			isa = PBXGroup;
			children = (
				5673FECD07B19E4E00AF4085 /* MilkBlocks.app */,
			);
			name = Products;
			sourceTree = "<group>";
		};
		682E26001279F1E800B1B498 /* zlib */ = {
			isa = PBXGroup;
			children = (
				682E26011279F1E800B1B498 /* adler32.c */,
				682E260C1279F1E800B1B498 /* compress.c */,
				682E269E1279F1E800B1B498 /* crc32.c */,
				682E269F1279F1E800B1B498 /* crc32.h */,
				682E26A01279F1E800B1B498 /* deflate.c */,
				682E26A11279F1E800B1B498 /* deflate.h */,
				682E26AF1279F1E800B1B498 /* gzio.c */,
				682E26B11279F1E800B1B498 /* infback.c */,
				682E26B21279F1E800B1B498 /* inffast.c */,
				682E26B31279F1E800B1B498 /* inffast.h */,
				682E26B41279F1E800B1B498 /* inffixed.h */,
				682E26B51279F1E800B1B498 /* inflate.c */,
				682E26B61279F1E800B1B498 /* inflate.h */,
				682E26B71279F1E800B1B498 /* inftrees.c */,
				682E26B81279F1E800B1B498 /* inftrees.h */,
				682E26D71279F1E800B1B498 /* trees.c */,
				682E26D81279F1E800B1B498 /* trees.h */,
				682E26D91279F1E800B1B498 /* uncompr.c */,
				682E26E31279F1E800B1B498 /* zconf.h */,
				682E26E41279F1E800B1B498 /* zconf.in.h */,
				682E26E61279F1E800B1B498 /* zlib.h */,
				682E26E71279F1E800B1B498 /* zutil.c */,
				682E26E81279F1E800B1B498 /* zutil.h */,
			);
			name = zlib;
			path = ../zlib;
			sourceTree = SOURCE_ROOT;
		};
		682E27AB1279F31C00B1B498 /* lpng */ = {
			isa = PBXGroup;
			children = (
				682E27F41279F31C00B1B498 /* png.c */,
				682E27F51279F31C00B1B498 /* png.h */,
				682E27F61279F31C00B1B498 /* pngbar.jpg */,
				682E27F71279F31C00B1B498 /* pngbar.png */,
				682E27F81279F31C00B1B498 /* pngconf.h */,
				682E27F91279F31C00B1B498 /* pngerror.c */,
				682E27FA1279F31C00B1B498 /* pnggccrd.c */,
				682E27FB1279F31C00B1B498 /* pngget.c */,
				682E27FC1279F31C00B1B498 /* pngmem.c */,
				682E27FD1279F31C00B1B498 /* pngnow.png */,
				682E27FE1279F31C00B1B498 /* pngpread.c */,
				682E27FF1279F31C00B1B498 /* pngread.c */,
				682E28001279F31C00B1B498 /* pngrio.c */,
				682E28011279F31C00B1B498 /* pngrtran.c */,
				682E28021279F31C00B1B498 /* pngrutil.c */,
				682E28031279F31C00B1B498 /* pngset.c */,
				682E28051279F31C00B1B498 /* pngtest.png */,
				682E28061279F31C00B1B498 /* pngtrans.c */,
				682E28071279F31C00B1B498 /* pngvcrd.c */,
				682E28081279F31C00B1B498 /* pngwio.c */,
				682E28091279F31C00B1B498 /* pngwrite.c */,
				682E280A1279F31C00B1B498 /* pngwtran.c */,
				682E280B1279F31C00B1B498 /* pngwutil.c */,
			);
			name = lpng;
			path = ../lpng;
			sourceTree = SOURCE_ROOT;
		};
		68A4AACF127A28B000663AC4 /* Products */ = {
			isa = PBXGroup;
			children = (
				68A4AAD4127A28B000663AC4 /* freetype.framework */,
				68A4AAD6127A28B000663AC4 /* libfreetype.a */,
				68A4AB4C127A2E0500663AC4 /* libiosStatic.a */,
			);
			name = Products;
			sourceTree = "<group>";
		};
		68A4AC20127A432000663AC4 /* Platform */ = {
			isa = PBXGroup;
			children = (
				688DFFD7127A4F000080E234 /* PlatformSingleton.cpp */,
				688DFFD8127A4F000080E234 /* PlatformSingleton.h */,
				68A4AC21127A432000663AC4 /* Application.h */,
				68A4AC22127A432000663AC4 /* Platform.cpp */,
				68A4AC23127A432000663AC4 /* Platform.h */,
				68A4AC24127A432000663AC4 /* PlatformIPhone.cpp */,
				68A4AC25127A432000663AC4 /* PlatformIPhone.h */,
			);
			name = Platform;
			path = ../Platform;
			sourceTree = SOURCE_ROOT;
		};
		F7C65ECB0DBC510C00CD3409 /* libs */ = {
			isa = PBXGroup;
			children = (
			);
			name = libs;
			sourceTree = "<group>";
		};
		F7C65F6C0DBC58DC00CD3409 /* Resources */ = {
			isa = PBXGroup;
			children = (
				F7C65D100DBC437600CD3409 /* MilkBlocks-Info.plist */,
				F7C65F6F0DBC58EC00CD3409 /* APPL.icns */,
				F7C6607E0DBC7B8000CD3409 /* bg.png */,
				F7C660750DBC7B7500CD3409 /* blocktopleft.png */,
				F7C660760DBC7B7500CD3409 /* blocktop.png */,
				F7C660770DBC7B7500CD3409 /* blockleft.png */,
				F7C660780DBC7B7500CD3409 /* block.png */,
				F7C660740DBC7B7500CD3409 /* DINNeuzeitGroteskStd-Light.otf */,
				F7C660710DBC7B4700CD3409 /* reflectionfade.png */,
				F7C660700DBC7B4700CD3409 /* shadow.png */,
			);
			name = Resources;
			sourceTree = "<group>";
		};
/* End PBXGroup section */

/* Begin PBXNativeTarget section */
		5673FECC07B19E4E00AF4085 /* MilkBlocks */ = {
			isa = PBXNativeTarget;
			buildConfigurationList = F0EC259F08BBC88F006E9215 /* Build configuration list for PBXNativeTarget "MilkBlocks" */;
			buildPhases = (
				5673FEC907B19E4E00AF4085 /* Resources */,
				5673FECA07B19E4E00AF4085 /* Sources */,
				5673FECB07B19E4E00AF4085 /* Frameworks */,
			);
			buildRules = (
			);
			dependencies = (
				68A4AB25127A2C2700663AC4 /* PBXTargetDependency */,
			);
			name = MilkBlocks;
			productName = MilkBlocks;
			productReference = 5673FECD07B19E4E00AF4085 /* MilkBlocks.app */;
			productType = "com.apple.product-type.application";
		};
/* End PBXNativeTarget section */

/* Begin PBXProject section */
		5607DA3007B19B9D00C2151B /* Project object */ = {
			isa = PBXProject;
			buildConfigurationList = F0EC25C708BBC88F006E9215 /* Build configuration list for PBXProject "MilkBlocks" */;
			compatibilityVersion = "Xcode 2.4";
			developmentRegion = English;
			hasScannedForEncodings = 0;
			knownRegions = (
				English,
				Japanese,
				French,
				German,
			);
			mainGroup = 5607DA2C07B19B9D00C2151B;
			productRefGroup = 5673FE8407B19D4B00AF4085 /* Products */;
			projectDirPath = "";
			projectReferences = (
				{
					ProductGroup = 68A4AACF127A28B000663AC4 /* Products */;
					ProjectRef = 68A4AACE127A28B000663AC4 /* freetype.xcodeproj */;
				},
			);
			projectRoot = "";
			targets = (
				5673FECC07B19E4E00AF4085 /* MilkBlocks */,
			);
		};
/* End PBXProject section */

/* Begin PBXReferenceProxy section */
		68A4AAD4127A28B000663AC4 /* freetype.framework */ = {
			isa = PBXReferenceProxy;
			fileType = wrapper.framework;
			path = freetype.framework;
			remoteRef = 68A4AAD3127A28B000663AC4 /* PBXContainerItemProxy */;
			sourceTree = BUILT_PRODUCTS_DIR;
		};
		68A4AAD6127A28B000663AC4 /* libfreetype.a */ = {
			isa = PBXReferenceProxy;
			fileType = archive.ar;
			path = libfreetype.a;
			remoteRef = 68A4AAD5127A28B000663AC4 /* PBXContainerItemProxy */;
			sourceTree = BUILT_PRODUCTS_DIR;
		};
		68A4AB4C127A2E0500663AC4 /* libiosStatic.a */ = {
			isa = PBXReferenceProxy;
			fileType = archive.ar;
			path = libiosStatic.a;
			remoteRef = 68A4AB4B127A2E0500663AC4 /* PBXContainerItemProxy */;
			sourceTree = BUILT_PRODUCTS_DIR;
		};
/* End PBXReferenceProxy section */

/* Begin PBXResourcesBuildPhase section */
		5673FEC907B19E4E00AF4085 /* Resources */ = {
			isa = PBXResourcesBuildPhase;
			buildActionMask = 2147483647;
			files = (
				F7C65D110DBC437600CD3409 /* MilkBlocks-Info.plist in Resources */,
				F7C65D7E0DBC453E00CD3409 /* bg.png in Resources */,
				F7C65D810DBC453E00CD3409 /* block.png in Resources */,
				F7C65D820DBC453E00CD3409 /* blockleft.png in Resources */,
				F7C65D830DBC453E00CD3409 /* blocktop.png in Resources */,
				F7C65D840DBC453E00CD3409 /* blocktopleft.png in Resources */,
				F7C65D850DBC453E00CD3409 /* DINNeuzeitGroteskStd-Light.otf in Resources */,
				F7C65D8B0DBC453E00CD3409 /* milkblocks-Info.plist in Resources */,
				F7C65D900DBC453E00CD3409 /* reflectionfade.png in Resources */,
				F7C65D910DBC453E00CD3409 /* shadow.png in Resources */,
				F7C65F700DBC58EC00CD3409 /* APPL.icns in Resources */,
				F7C660720DBC7B4700CD3409 /* shadow.png in Resources */,
				F7C660730DBC7B4700CD3409 /* reflectionfade.png in Resources */,
				F7C660790DBC7B7500CD3409 /* DINNeuzeitGroteskStd-Light.otf in Resources */,
				F7C6607A0DBC7B7500CD3409 /* blocktopleft.png in Resources */,
				F7C6607B0DBC7B7500CD3409 /* blocktop.png in Resources */,
				F7C6607C0DBC7B7500CD3409 /* blockleft.png in Resources */,
				F7C6607D0DBC7B7500CD3409 /* block.png in Resources */,
				F7C6607F0DBC7B8000CD3409 /* bg.png in Resources */,
				682E28A11279F31C00B1B498 /* pngbar.jpg in Resources */,
				682E28A21279F31C00B1B498 /* pngbar.png in Resources */,
				682E28A71279F31C00B1B498 /* pngnow.png in Resources */,
				682E28AF1279F31C00B1B498 /* pngtest.png in Resources */,
			);
			runOnlyForDeploymentPostprocessing = 0;
		};
/* End PBXResourcesBuildPhase section */

/* Begin PBXSourcesBuildPhase section */
		5673FECA07B19E4E00AF4085 /* Sources */ = {
			isa = PBXSourcesBuildPhase;
			buildActionMask = 2147483647;
			files = (
				F7C65D7D0DBC453E00CD3409 /* Animatable.cpp in Sources */,
				F7C65D7F0DBC453E00CD3409 /* Bitmap.cpp in Sources */,
				F7C65D800DBC453E00CD3409 /* Block.cpp in Sources */,
				F7C65D860DBC453E00CD3409 /* font.cpp in Sources */,
				F7C65D870DBC453E00CD3409 /* Grid.cpp in Sources */,
				F7C65D880DBC453E00CD3409 /* IPiece.cpp in Sources */,
				F7C65D890DBC453E00CD3409 /* JPiece.cpp in Sources */,
				F7C65D8A0DBC453E00CD3409 /* LPiece.cpp in Sources */,
				F7C65D8D0DBC453E00CD3409 /* milkblocks.cpp in Sources */,
				F7C65D8E0DBC453E00CD3409 /* OPiece.cpp in Sources */,
				F7C65D8F0DBC453E00CD3409 /* Piece.cpp in Sources */,
				F7C65D920DBC453E00CD3409 /* SPiece.cpp in Sources */,
				F7C65D930DBC453E00CD3409 /* texture.cpp in Sources */,
				F7C65D940DBC453E00CD3409 /* TPiece.cpp in Sources */,
				F7C65D950DBC453E00CD3409 /* ZPiece.cpp in Sources */,
				682E26E91279F1E800B1B498 /* adler32.c in Sources */,
				682E26F21279F1E800B1B498 /* compress.c in Sources */,
				682E275D1279F1E800B1B498 /* crc32.c in Sources */,
				682E275E1279F1E800B1B498 /* deflate.c in Sources */,
				682E276A1279F1E800B1B498 /* gzio.c in Sources */,
				682E276C1279F1E800B1B498 /* infback.c in Sources */,
				682E276D1279F1E800B1B498 /* inffast.c in Sources */,
				682E276E1279F1E800B1B498 /* inflate.c in Sources */,
				682E276F1279F1E800B1B498 /* inftrees.c in Sources */,
				682E27881279F1E800B1B498 /* trees.c in Sources */,
				682E27891279F1E800B1B498 /* uncompr.c in Sources */,
				682E27931279F1E800B1B498 /* zutil.c in Sources */,
				682E28A01279F31C00B1B498 /* png.c in Sources */,
				682E28A31279F31C00B1B498 /* pngerror.c in Sources */,
				682E28A41279F31C00B1B498 /* pnggccrd.c in Sources */,
				682E28A51279F31C00B1B498 /* pngget.c in Sources */,
				682E28A61279F31C00B1B498 /* pngmem.c in Sources */,
				682E28A81279F31C00B1B498 /* pngpread.c in Sources */,
				682E28A91279F31C00B1B498 /* pngread.c in Sources */,
				682E28AA1279F31C00B1B498 /* pngrio.c in Sources */,
				682E28AB1279F31C00B1B498 /* pngrtran.c in Sources */,
				682E28AC1279F31C00B1B498 /* pngrutil.c in Sources */,
				682E28AD1279F31C00B1B498 /* pngset.c in Sources */,
				682E28B01279F31C00B1B498 /* pngtrans.c in Sources */,
				682E28B11279F31C00B1B498 /* pngvcrd.c in Sources */,
				682E28B21279F31C00B1B498 /* pngwio.c in Sources */,
				682E28B31279F31C00B1B498 /* pngwrite.c in Sources */,
				682E28B41279F31C00B1B498 /* pngwtran.c in Sources */,
				682E28B51279F31C00B1B498 /* pngwutil.c in Sources */,
				68A4AC28127A432000663AC4 /* Platform.cpp in Sources */,
				68A4AC29127A432000663AC4 /* PlatformIPhone.cpp in Sources */,
				688DFFD9127A4F000080E234 /* PlatformSingleton.cpp in Sources */,
			);
			runOnlyForDeploymentPostprocessing = 0;
		};
/* End PBXSourcesBuildPhase section */

/* Begin PBXTargetDependency section */
		68A4AB25127A2C2700663AC4 /* PBXTargetDependency */ = {
			isa = PBXTargetDependency;
			name = freetypelib;
			targetProxy = 68A4AB24127A2C2700663AC4 /* PBXContainerItemProxy */;
		};
/* End PBXTargetDependency section */

/* Begin XCBuildConfiguration section */
		F0EC25A008BBC88F006E9215 /* Debug */ = {
			isa = XCBuildConfiguration;
			buildSettings = {
				COPY_PHASE_STRIP = NO;
				GCC_DYNAMIC_NO_PIC = NO;
				GCC_ENABLE_FIX_AND_CONTINUE = YES;
				GCC_MODEL_TUNING = G5;
				GCC_OPTIMIZATION_LEVEL = 0;
				GCC_PRECOMPILE_PREFIX_HEADER = NO;
				GCC_PREPROCESSOR_DEFINITIONS_NOT_USED_IN_PRECOMPS = MILK_MAC_OSX;
				HEADER_SEARCH_PATHS = (
					"$(HEADER_SEARCH_PATHS_QUOTED_1)",
					"$(HEADER_SEARCH_PATHS_QUOTED_2)",
				);
				HEADER_SEARCH_PATHS_QUOTED_1 = "\"$(SRCROOT)/include/freetype\"";
				HEADER_SEARCH_PATHS_QUOTED_2 = "\"$(SRCROOT)/include\"";
				INFOPLIST_FILE = "MilkBlocks-Info.plist";
				INSTALL_PATH = "$(USER_APPS_DIR)";
				LIBRARY_SEARCH_PATHS = (
					"$(LIBRARY_SEARCH_PATHS_QUOTED_FOR_TARGET_1)",
					"$(LIBRARY_SEARCH_PATHS_QUOTED_FOR_TARGET_2)",
				);
				LIBRARY_SEARCH_PATHS_QUOTED_FOR_TARGET_1 = "\"$(SRCROOT)/lib\"";
				LIBRARY_SEARCH_PATHS_QUOTED_FOR_TARGET_2 = "\"$(SRCROOT)/../freetype-2.4.3/build/Debug\"";
				PRODUCT_NAME = MilkBlocks;
				USER_HEADER_SEARCH_PATHS = ../;
				ZERO_LINK = YES;
			};
			name = Debug;
		};
		F0EC25A108BBC88F006E9215 /* Release */ = {
			isa = XCBuildConfiguration;
			buildSettings = {
				ARCHS = (
					i386,
					ppc,
				);
				GCC_GENERATE_DEBUGGING_SYMBOLS = NO;
				GCC_MODEL_TUNING = G5;
				GCC_PRECOMPILE_PREFIX_HEADER = NO;
				GCC_PREPROCESSOR_DEFINITIONS_NOT_USED_IN_PRECOMPS = MILK_MAC_OSX;
				HEADER_SEARCH_PATHS = (
					"$(HEADER_SEARCH_PATHS_QUOTED_1)",
					"$(HEADER_SEARCH_PATHS_QUOTED_2)",
				);
				HEADER_SEARCH_PATHS_QUOTED_1 = "\"$(SRCROOT)/include/freetype\"";
				HEADER_SEARCH_PATHS_QUOTED_2 = "\"$(SRCROOT)/include\"";
				INFOPLIST_FILE = "MilkBlocks-Info.plist";
				INSTALL_PATH = "$(USER_APPS_DIR)";
				LIBRARY_SEARCH_PATHS = (
					"$(LIBRARY_SEARCH_PATHS_QUOTED_FOR_TARGET_1)",
					"$(LIBRARY_SEARCH_PATHS_QUOTED_FOR_TARGET_2)",
				);
				LIBRARY_SEARCH_PATHS_QUOTED_FOR_TARGET_1 = "\"$(SRCROOT)/lib\"";
				LIBRARY_SEARCH_PATHS_QUOTED_FOR_TARGET_2 = "\"$(SRCROOT)/../freetype-2.4.3/build/Debug\"";
				PRODUCT_NAME = MilkBlocks;
				USER_HEADER_SEARCH_PATHS = ../;
			};
			name = Release;
		};
		F0EC25C808BBC88F006E9215 /* Debug */ = {
			isa = XCBuildConfiguration;
			buildSettings = {
				GCC_ENABLE_FIX_AND_CONTINUE = YES;
				GCC_WARN_ABOUT_RETURN_TYPE = YES;
				GCC_WARN_UNUSED_VARIABLE = YES;
				PREBINDING = NO;
				SDKROOT = /Developer/SDKs/MacOSX10.5.sdk;
				ZERO_LINK = YES;
			};
			name = Debug;
		};
		F0EC25C908BBC88F006E9215 /* Release */ = {
			isa = XCBuildConfiguration;
			buildSettings = {
				ARCHS = (
					ppc,
					i386,
				);
				GCC_WARN_ABOUT_RETURN_TYPE = YES;
				GCC_WARN_UNUSED_VARIABLE = YES;
				PREBINDING = NO;
				SDKROOT = /Developer/SDKs/MacOSX10.5.sdk;
			};
			name = Release;
		};
/* End XCBuildConfiguration section */

/* Begin XCConfigurationList section */
		F0EC259F08BBC88F006E9215 /* Build configuration list for PBXNativeTarget "MilkBlocks" */ = {
			isa = XCConfigurationList;
			buildConfigurations = (
				F0EC25A008BBC88F006E9215 /* Debug */,
				F0EC25A108BBC88F006E9215 /* Release */,
			);
			defaultConfigurationIsVisible = 0;
			defaultConfigurationName = Release;
		};
		F0EC25C708BBC88F006E9215 /* Build configuration list for PBXProject "MilkBlocks" */ = {
			isa = XCConfigurationList;
			buildConfigurations = (
				F0EC25C808BBC88F006E9215 /* Debug */,
				F0EC25C908BBC88F006E9215 /* Release */,
			);
			defaultConfigurationIsVisible = 0;
			defaultConfigurationName = Release;
		};
/* End XCConfigurationList section */
	};
	rootObject = 5607DA3007B19B9D00C2151B /* Project object */;
}
